
Microsoft Visual Studio Solution File, Format Version 12.00
# Visual Studio Version 16
VisualStudioVersion = 16.0.29509.3
MinimumVisualStudioVersion = 10.0.40219.1
Project("{FAE04EC0-301F-11D3-BF4B-00C04F79EFBC}") = "OrderBll", "OrderBll.csproj", "{2BBEAE25-CFBC-423E-A7FA-95C1B5AC33CC}"
EndProject
Project("{FAE04EC0-301F-11D3-BF4B-00C04F79EFBC}") = "OrderBll.Tests", "..\ShoppingBll.Tests\OrderBll.Tests.csproj", "{2D6A2A72-9870-4A72-9ECF-1679E70C9338}"
EndProject
Global
	GlobalSection(SolutionConfigurationPlatforms) = preSolution
		Debug|Any CPU = Debug|Any CPU
		Release|Any CPU = Release|Any CPU
	EndGlobalSection
	GlobalSection(ProjectConfigurationPlatforms) = postSolution
		{2BBEAE25-CFBC-423E-A7FA-95C1B5AC33CC}.Debug|Any CPU.ActiveCfg = Debug|Any CPU
		{2BBEAE25-CFBC-423E-A7FA-95C1B5AC33CC}.Debug|Any CPU.Build.0 = Debug|Any CPU
		{2BBEAE25-CFBC-423E-A7FA-95C1B5AC33CC}.Release|Any CPU.ActiveCfg = Release|Any CPU
		{2BBEAE25-CFBC-423E-A7FA-95C1B5AC33CC}.Release|Any CPU.Build.0 = Release|Any CPU
		{2D6A2A72-9870-4A72-9ECF-1679E70C9338}.Debug|Any CPU.ActiveCfg = Debug|Any CPU
		{2D6A2A72-9870-4A72-9ECF-1679E70C9338}.Debug|Any CPU.Build.0 = Debug|Any CPU
		{2D6A2A72-9870-4A72-9ECF-1679E70C9338}.Release|Any CPU.ActiveCfg = Release|Any CPU
		{2D6A2A72-9870-4A72-9ECF-1679E70C9338}.Release|Any CPU.Build.0 = Release|Any CPU
	EndGlobalSection
	GlobalSection(SolutionProperties) = preSolution
		HideSolutionNode = FALSE
	EndGlobalSection
	GlobalSection(ExtensibilityGlobals) = postSolution
		SolutionGuid = {7022D632-B32C-474E-931D-69A3563DBCE0}
	EndGlobalSection
EndGlobal
